{
  "version": "5",
  "specifiers": {
    "jsr:@std/assert@^1.0.15": "1.0.16",
    "jsr:@std/assert@^1.0.16": "1.0.16",
    "jsr:@std/data-structures@^1.0.9": "1.0.9",
    "jsr:@std/fs@^1.0.19": "1.0.20",
    "jsr:@std/internal@^1.0.12": "1.0.12",
    "jsr:@std/path@^1.1.2": "1.1.4",
    "jsr:@std/path@^1.1.3": "1.1.4",
    "jsr:@std/testing@^1.0.16": "1.0.16",
    "npm:@iarna/toml@^2.2.5": "2.2.5",
    "npm:@inquirer/prompts@^8.1.0": "8.1.0",
    "npm:chalk@^5.6.2": "5.6.2",
    "npm:cli-table3@~0.6.5": "0.6.5",
    "npm:figlet@^1.9.4": "1.9.4",
    "npm:ora@9": "9.0.0",
    "npm:yaml@^2.8.2": "2.8.2"
  },
  "jsr": {
    "@std/assert@1.0.16": {
      "integrity": "6a7272ed1eaa77defe76e5ff63ca705d9c495077e2d5fd0126d2b53fc5bd6532",
      "dependencies": [
        "jsr:@std/internal"
      ]
    },
    "@std/data-structures@1.0.9": {
      "integrity": "033d6e17e64bf1f84a614e647c1b015fa2576ae3312305821e1a4cb20674bb4d"
    },
    "@std/fs@1.0.20": {
      "integrity": "e953206aae48d46ee65e8783ded459f23bec7dd1f3879512911c35e5484ea187",
      "dependencies": [
        "jsr:@std/path@^1.1.3"
      ]
    },
    "@std/internal@1.0.12": {
      "integrity": "972a634fd5bc34b242024402972cd5143eac68d8dffaca5eaa4dba30ce17b027"
    },
    "@std/path@1.1.4": {
      "integrity": "1d2d43f39efb1b42f0b1882a25486647cb851481862dc7313390b2bb044314b5",
      "dependencies": [
        "jsr:@std/internal"
      ]
    },
    "@std/testing@1.0.16": {
      "integrity": "a917ffdeb5924c9be436dc78bc32e511760e14d3a96e49c607fc5ecca86d0092",
      "dependencies": [
        "jsr:@std/assert@^1.0.15",
        "jsr:@std/data-structures",
        "jsr:@std/fs",
        "jsr:@std/internal",
        "jsr:@std/path@^1.1.2"
      ]
    }
  },
  "npm": {
    "@colors/colors@1.5.0": {
      "integrity": "sha512-ooWCrlZP11i8GImSjTHYHLkvFDP48nS4+204nGb1RiX/WXYHmJA2III9/e2DWVabCESdW7hBAEzHRqUn9OUVvQ=="
    },
    "@iarna/toml@2.2.5": {
      "integrity": "sha512-trnsAYxU3xnS1gPHPyU961coFyLkh4gAD/0zQ5mymY4yOZ+CYvsPqUbOFSw0aDM4y0tV7tiFxL/1XfXPNC6IPg=="
    },
    "@inquirer/ansi@2.0.2": {
      "integrity": "sha512-SYLX05PwJVnW+WVegZt1T4Ip1qba1ik+pNJPDiqvk6zS5Y/i8PhRzLpGEtVd7sW0G8cMtkD8t4AZYhQwm8vnww=="
    },
    "@inquirer/checkbox@5.0.3": {
      "integrity": "sha512-xtQP2eXMFlOcAhZ4ReKP2KZvDIBb1AnCfZ81wWXG3DXLVH0f0g4obE0XDPH+ukAEMRcZT0kdX2AS1jrWGXbpxw==",
      "dependencies": [
        "@inquirer/ansi",
        "@inquirer/core",
        "@inquirer/figures",
        "@inquirer/type"
      ]
    },
    "@inquirer/confirm@6.0.3": {
      "integrity": "sha512-lyEvibDFL+NA5R4xl8FUmNhmu81B+LDL9L/MpKkZlQDJZXzG8InxiqYxiAlQYa9cqLLhYqKLQwZqXmSTqCLjyw==",
      "dependencies": [
        "@inquirer/core",
        "@inquirer/type"
      ]
    },
    "@inquirer/core@11.1.0": {
      "integrity": "sha512-+jD/34T1pK8M5QmZD/ENhOfXdl9Zr+BrQAUc5h2anWgi7gggRq15ZbiBeLoObj0TLbdgW7TAIQRU2boMc9uOKQ==",
      "dependencies": [
        "@inquirer/ansi",
        "@inquirer/figures",
        "@inquirer/type",
        "cli-width",
        "mute-stream",
        "signal-exit",
        "wrap-ansi"
      ]
    },
    "@inquirer/editor@5.0.3": {
      "integrity": "sha512-wYyQo96TsAqIciP/r5D3cFeV8h4WqKQ/YOvTg5yOfP2sqEbVVpbxPpfV3LM5D0EP4zUI3EZVHyIUIllnoIa8OQ==",
      "dependencies": [
        "@inquirer/core",
        "@inquirer/external-editor",
        "@inquirer/type"
      ]
    },
    "@inquirer/expand@5.0.3": {
      "integrity": "sha512-2oINvuL27ujjxd95f6K2K909uZOU2x1WiAl7Wb1X/xOtL8CgQ1kSxzykIr7u4xTkXkXOAkCuF45T588/YKee7w==",
      "dependencies": [
        "@inquirer/core",
        "@inquirer/type"
      ]
    },
    "@inquirer/external-editor@2.0.2": {
      "integrity": "sha512-X/fMXK7vXomRWEex1j8mnj7s1mpnTeP4CO/h2gysJhHLT2WjBnLv4ZQEGpm/kcYI8QfLZ2fgW+9kTKD+jeopLg==",
      "dependencies": [
        "chardet",
        "iconv-lite"
      ]
    },
    "@inquirer/figures@2.0.2": {
      "integrity": "sha512-qXm6EVvQx/FmnSrCWCIGtMHwqeLgxABP8XgcaAoywsL0NFga9gD5kfG0gXiv80GjK9Hsoz4pgGwF/+CjygyV9A=="
    },
    "@inquirer/input@5.0.3": {
      "integrity": "sha512-4R0TdWl53dtp79Vs6Df2OHAtA2FVNqya1hND1f5wjHWxZJxwDMSNB1X5ADZJSsQKYAJ5JHCTO+GpJZ42mK0Otw==",
      "dependencies": [
        "@inquirer/core",
        "@inquirer/type"
      ]
    },
    "@inquirer/number@4.0.3": {
      "integrity": "sha512-TjQLe93GGo5snRlu83JxE38ZPqj5ZVggL+QqqAF2oBA5JOJoxx25GG3EGH/XN/Os5WOmKfO8iLVdCXQxXRZIMQ==",
      "dependencies": [
        "@inquirer/core",
        "@inquirer/type"
      ]
    },
    "@inquirer/password@5.0.3": {
      "integrity": "sha512-rCozGbUMAHedTeYWEN8sgZH4lRCdgG/WinFkit6ZPsp8JaNg2T0g3QslPBS5XbpORyKP/I+xyBO81kFEvhBmjA==",
      "dependencies": [
        "@inquirer/ansi",
        "@inquirer/core",
        "@inquirer/type"
      ]
    },
    "@inquirer/prompts@8.1.0": {
      "integrity": "sha512-LsZMdKcmRNF5LyTRuZE5nWeOjganzmN3zwbtNfcs6GPh3I2TsTtF1UYZlbxVfhxd+EuUqLGs/Lm3Xt4v6Az1wA==",
      "dependencies": [
        "@inquirer/checkbox",
        "@inquirer/confirm",
        "@inquirer/editor",
        "@inquirer/expand",
        "@inquirer/input",
        "@inquirer/number",
        "@inquirer/password",
        "@inquirer/rawlist",
        "@inquirer/search",
        "@inquirer/select"
      ]
    },
    "@inquirer/rawlist@5.1.0": {
      "integrity": "sha512-yUCuVh0jW026Gr2tZlG3kHignxcrLKDR3KBp+eUgNz+BAdSeZk0e18yt2gyBr+giYhj/WSIHCmPDOgp1mT2niQ==",
      "dependencies": [
        "@inquirer/core",
        "@inquirer/type"
      ]
    },
    "@inquirer/search@4.0.3": {
      "integrity": "sha512-lzqVw0YwuKYetk5VwJ81Ba+dyVlhseHPx9YnRKQgwXdFS0kEavCz2gngnNhnMIxg8+j1N/rUl1t5s1npwa7bqg==",
      "dependencies": [
        "@inquirer/core",
        "@inquirer/figures",
        "@inquirer/type"
      ]
    },
    "@inquirer/select@5.0.3": {
      "integrity": "sha512-M+ynbwS0ecQFDYMFrQrybA0qL8DV0snpc4kKevCCNaTpfghsRowRY7SlQBeIYNzHqXtiiz4RG9vTOeb/udew7w==",
      "dependencies": [
        "@inquirer/ansi",
        "@inquirer/core",
        "@inquirer/figures",
        "@inquirer/type"
      ]
    },
    "@inquirer/type@4.0.2": {
      "integrity": "sha512-cae7mzluplsjSdgFA6ACLygb5jC8alO0UUnFPyu0E7tNRPrL+q/f8VcSXp+cjZQ7l5CMpDpi2G1+IQvkOiL1Lw=="
    },
    "ansi-regex@5.0.1": {
      "integrity": "sha512-quJQXlTSUGL2LH9SUXo8VwsY4soanhgo6LNSm84E1LBcE8s3O0wpdiRzyR9z/ZZJMlMWv37qOOb9pdJlMUEKFQ=="
    },
    "ansi-regex@6.2.2": {
      "integrity": "sha512-Bq3SmSpyFHaWjPk8If9yc6svM8c56dB5BAtW4Qbw5jHTwwXXcTLoRMkpDJp6VL0XzlWaCHTXrkFURMYmD0sLqg=="
    },
    "ansi-styles@6.2.3": {
      "integrity": "sha512-4Dj6M28JB+oAH8kFkTLUo+a2jwOFkuqb3yucU0CANcRRUbxS0cP0nZYCGjcc3BNXwRIsUVmDGgzawme7zvJHvg=="
    },
    "chalk@5.6.2": {
      "integrity": "sha512-7NzBL0rN6fMUW+f7A6Io4h40qQlG+xGmtMxfbnH/K7TAtt8JQWVQK+6g0UXKMeVJoyV5EkkNsErQ8pVD3bLHbA=="
    },
    "chardet@2.1.1": {
      "integrity": "sha512-PsezH1rqdV9VvyNhxxOW32/d75r01NY7TQCmOqomRo15ZSOKbpTFVsfjghxo6JloQUCGnH4k1LGu0R4yCLlWQQ=="
    },
    "cli-cursor@5.0.0": {
      "integrity": "sha512-aCj4O5wKyszjMmDT4tZj93kxyydN/K5zPWSCe6/0AV/AA1pqe5ZBIw0a2ZfPQV7lL5/yb5HsUreJ6UFAF1tEQw==",
      "dependencies": [
        "restore-cursor"
      ]
    },
    "cli-spinners@3.3.0": {
      "integrity": "sha512-/+40ljC3ONVnYIttjMWrlL51nItDAbBrq2upN8BPyvGU/2n5Oxw3tbNwORCaNuNqLJnxGqOfjUuhsv7l5Q4IsQ=="
    },
    "cli-table3@0.6.5": {
      "integrity": "sha512-+W/5efTR7y5HRD7gACw9yQjqMVvEMLBHmboM/kPWam+H+Hmyrgjh6YncVKK122YZkXrLudzTuAukUw9FnMf7IQ==",
      "dependencies": [
        "string-width@4.2.3"
      ],
      "optionalDependencies": [
        "@colors/colors"
      ]
    },
    "cli-width@4.1.0": {
      "integrity": "sha512-ouuZd4/dm2Sw5Gmqy6bGyNNNe1qt9RpmxveLSO7KcgsTnU7RXfsw+/bukWGo1abgBiMAic068rclZsO4IWmmxQ=="
    },
    "commander@14.0.2": {
      "integrity": "sha512-TywoWNNRbhoD0BXs1P3ZEScW8W5iKrnbithIl0YH+uCmBd0QpPOA8yc82DS3BIE5Ma6FnBVUsJ7wVUDz4dvOWQ=="
    },
    "emoji-regex@10.6.0": {
      "integrity": "sha512-toUI84YS5YmxW219erniWD0CIVOo46xGKColeNQRgOzDorgBi1v4D71/OFzgD9GO2UGKIv1C3Sp8DAn0+j5w7A=="
    },
    "emoji-regex@8.0.0": {
      "integrity": "sha512-MSjYzcWNOA0ewAHpz0MxpYFvwg6yjy1NG3xteoqz644VCo/RPgnr1/GGt+ic3iJTzQ8Eu3TdM14SawnVUmGE6A=="
    },
    "figlet@1.9.4": {
      "integrity": "sha512-uN6QE+TrzTAHC1IWTyrc4FfGo2KH/82J8Jl1tyKB7+z5DBit/m3D++Iu5lg91qJMnQQ3vpJrj5gxcK/pk4R9tQ==",
      "dependencies": [
        "commander"
      ],
      "bin": true
    },
    "get-east-asian-width@1.4.0": {
      "integrity": "sha512-QZjmEOC+IT1uk6Rx0sX22V6uHWVwbdbxf1faPqJ1QhLdGgsRGCZoyaQBm/piRdJy/D2um6hM1UP7ZEeQ4EkP+Q=="
    },
    "iconv-lite@0.7.1": {
      "integrity": "sha512-2Tth85cXwGFHfvRgZWszZSvdo+0Xsqmw8k8ZwxScfcBneNUraK+dxRxRm24nszx80Y0TVio8kKLt5sLE7ZCLlw==",
      "dependencies": [
        "safer-buffer"
      ]
    },
    "is-fullwidth-code-point@3.0.0": {
      "integrity": "sha512-zymm5+u+sCsSWyD9qNaejV3DFvhCKclKdizYaJUuHA83RLjb7nSuGnddCHGv0hk+KY7BMAlsWeK4Ueg6EV6XQg=="
    },
    "is-interactive@2.0.0": {
      "integrity": "sha512-qP1vozQRI+BMOPcjFzrjXuQvdak2pHNUMZoeG2eRbiSqyvbEf/wQtEOTOX1guk6E3t36RkaqiSt8A/6YElNxLQ=="
    },
    "is-unicode-supported@2.1.0": {
      "integrity": "sha512-mE00Gnza5EEB3Ds0HfMyllZzbBrmLOX3vfWoj9A9PEnTfratQ/BcaJOuMhnkhjXvb2+FkY3VuHqtAGpTPmglFQ=="
    },
    "log-symbols@7.0.1": {
      "integrity": "sha512-ja1E3yCr9i/0hmBVaM0bfwDjnGy8I/s6PP4DFp+yP+a+mrHO4Rm7DtmnqROTUkHIkqffC84YY7AeqX6oFk0WFg==",
      "dependencies": [
        "is-unicode-supported",
        "yoctocolors"
      ]
    },
    "mimic-function@5.0.1": {
      "integrity": "sha512-VP79XUPxV2CigYP3jWwAUFSku2aKqBH7uTAapFWCBqutsbmDo96KY5o8uh6U+/YSIn5OxJnXp73beVkpqMIGhA=="
    },
    "mute-stream@3.0.0": {
      "integrity": "sha512-dkEJPVvun4FryqBmZ5KhDo0K9iDXAwn08tMLDinNdRBNPcYEDiWYysLcc6k3mjTMlbP9KyylvRpd4wFtwrT9rw=="
    },
    "onetime@7.0.0": {
      "integrity": "sha512-VXJjc87FScF88uafS3JllDgvAm+c/Slfz06lorj2uAY34rlUu0Nt+v8wreiImcrgAjjIHp1rXpTDlLOGw29WwQ==",
      "dependencies": [
        "mimic-function"
      ]
    },
    "ora@9.0.0": {
      "integrity": "sha512-m0pg2zscbYgWbqRR6ABga5c3sZdEon7bSgjnlXC64kxtxLOyjRcbbUkLj7HFyy/FTD+P2xdBWu8snGhYI0jc4A==",
      "dependencies": [
        "chalk",
        "cli-cursor",
        "cli-spinners",
        "is-interactive",
        "is-unicode-supported",
        "log-symbols",
        "stdin-discarder",
        "string-width@8.1.0",
        "strip-ansi@7.1.2"
      ]
    },
    "restore-cursor@5.1.0": {
      "integrity": "sha512-oMA2dcrw6u0YfxJQXm342bFKX/E4sG9rbTzO9ptUcR/e8A33cHuvStiYOwH7fszkZlZ1z/ta9AAoPk2F4qIOHA==",
      "dependencies": [
        "onetime",
        "signal-exit"
      ]
    },
    "safer-buffer@2.1.2": {
      "integrity": "sha512-YZo3K82SD7Riyi0E1EQPojLz7kpepnSQI9IyPbHHg1XXXevb5dJI7tpyN2ADxGcQbHG7vcyRHk0cbwqcQriUtg=="
    },
    "signal-exit@4.1.0": {
      "integrity": "sha512-bzyZ1e88w9O1iNJbKnOlvYTrWPDl46O1bG0D3XInv+9tkPrxrN8jUUTiFlDkkmKWgn1M6CfIA13SuGqOa9Korw=="
    },
    "stdin-discarder@0.2.2": {
      "integrity": "sha512-UhDfHmA92YAlNnCfhmq0VeNL5bDbiZGg7sZ2IvPsXubGkiNa9EC+tUTsjBRsYUAz87btI6/1wf4XoVvQ3uRnmQ=="
    },
    "string-width@4.2.3": {
      "integrity": "sha512-wKyQRQpjJ0sIp62ErSZdGsjMJWsap5oRNihHhu6G7JVO/9jIB6UyevL+tXuOqrng8j/cxKTWyWUwvSTriiZz/g==",
      "dependencies": [
        "emoji-regex@8.0.0",
        "is-fullwidth-code-point",
        "strip-ansi@6.0.1"
      ]
    },
    "string-width@7.2.0": {
      "integrity": "sha512-tsaTIkKW9b4N+AEj+SVA+WhJzV7/zMhcSu78mLKWSk7cXMOSHsBKFWUs0fWwq8QyK3MgJBQRX6Gbi4kYbdvGkQ==",
      "dependencies": [
        "emoji-regex@10.6.0",
        "get-east-asian-width",
        "strip-ansi@7.1.2"
      ]
    },
    "string-width@8.1.0": {
      "integrity": "sha512-Kxl3KJGb/gxkaUMOjRsQ8IrXiGW75O4E3RPjFIINOVH8AMl2SQ/yWdTzWwF3FevIX9LcMAjJW+GRwAlAbTSXdg==",
      "dependencies": [
        "get-east-asian-width",
        "strip-ansi@7.1.2"
      ]
    },
    "strip-ansi@6.0.1": {
      "integrity": "sha512-Y38VPSHcqkFrCpFnQ9vuSXmquuv5oXOKpGeT6aGrr3o3Gc9AlVa6JBfUSOCnbxGGZF+/0ooI7KrPuUSztUdU5A==",
      "dependencies": [
        "ansi-regex@5.0.1"
      ]
    },
    "strip-ansi@7.1.2": {
      "integrity": "sha512-gmBGslpoQJtgnMAvOVqGZpEz9dyoKTCzy2nfz/n8aIFhN/jCE/rCmcxabB6jOOHV+0WNnylOxaxBQPSvcWklhA==",
      "dependencies": [
        "ansi-regex@6.2.2"
      ]
    },
    "wrap-ansi@9.0.2": {
      "integrity": "sha512-42AtmgqjV+X1VpdOfyTGOYRi0/zsoLqtXQckTmqTeybT+BDIbM/Guxo7x3pE2vtpr1ok6xRqM9OpBe+Jyoqyww==",
      "dependencies": [
        "ansi-styles",
        "string-width@7.2.0",
        "strip-ansi@7.1.2"
      ]
    },
    "yaml@2.8.2": {
      "integrity": "sha512-mplynKqc1C2hTVYxd0PU2xQAc22TI1vShAYGksCCfxbn/dFwnHTNi1bvYsBTkhdUNtGIf5xNOg938rrSSYvS9A==",
      "bin": true
    },
    "yoctocolors@2.1.2": {
      "integrity": "sha512-CzhO+pFNo8ajLM2d2IW/R93ipy99LWjtwblvC1RsoSUMZgyLbYFr221TnSNT7GjGdYui6P459mw9JH/g/zW2ug=="
    }
  },
  "remote": {
    "https://deno.land/std@0.220.0/assert/_constants.ts": "a271e8ef5a573f1df8e822a6eb9d09df064ad66a4390f21b3e31f820a38e0975",
    "https://deno.land/std@0.220.0/assert/_diff.ts": "4bf42969aa8b1a33aaf23eb8e478b011bfaa31b82d85d2ff4b5c4662d8780d2b",
    "https://deno.land/std@0.220.0/assert/_format.ts": "0ba808961bf678437fb486b56405b6fefad2cf87b5809667c781ddee8c32aff4",
    "https://deno.land/std@0.220.0/assert/assert.ts": "bec068b2fccdd434c138a555b19a2c2393b71dfaada02b7d568a01541e67cdc5",
    "https://deno.land/std@0.220.0/assert/assert_almost_equals.ts": "8b96b7385cc117668b0720115eb6ee73d04c9bcb2f5d2344d674918c9113688f",
    "https://deno.land/std@0.220.0/assert/assert_array_includes.ts": "1688d76317fd45b7e93ef9e2765f112fdf2b7c9821016cdfb380b9445374aed1",
    "https://deno.land/std@0.220.0/assert/assert_equals.ts": "4497c56fe7d2993b0d447926702802fc0becb44e319079e8eca39b482ee01b4e",
    "https://deno.land/std@0.220.0/assert/assert_exists.ts": "24a7bf965e634f909242cd09fbaf38bde6b791128ece08e33ab08586a7cc55c9",
    "https://deno.land/std@0.220.0/assert/assert_false.ts": "6f382568e5128c0f855e5f7dbda8624c1ed9af4fcc33ef4a9afeeedcdce99769",
    "https://deno.land/std@0.220.0/assert/assert_greater.ts": "4945cf5729f1a38874d7e589e0fe5cc5cd5abe5573ca2ddca9d3791aa891856c",
    "https://deno.land/std@0.220.0/assert/assert_greater_or_equal.ts": "573ed8823283b8d94b7443eb69a849a3c369a8eb9666b2d1db50c33763a5d219",
    "https://deno.land/std@0.220.0/assert/assert_instance_of.ts": "72dc1faff1e248692d873c89382fa1579dd7b53b56d52f37f9874a75b11ba444",
    "https://deno.land/std@0.220.0/assert/assert_is_error.ts": "6596f2b5ba89ba2fe9b074f75e9318cda97a2381e59d476812e30077fbdb6ed2",
    "https://deno.land/std@0.220.0/assert/assert_less.ts": "2b4b3fe7910f65f7be52212f19c3977ecb8ba5b2d6d0a296c83cde42920bb005",
    "https://deno.land/std@0.220.0/assert/assert_less_or_equal.ts": "b93d212fe669fbde959e35b3437ac9a4468f2e6b77377e7b6ea2cfdd825d38a0",
    "https://deno.land/std@0.220.0/assert/assert_match.ts": "ec2d9680ed3e7b9746ec57ec923a17eef6d476202f339ad91d22277d7f1d16e1",
    "https://deno.land/std@0.220.0/assert/assert_not_equals.ts": "ac86413ab70ffb14fdfc41740ba579a983fe355ba0ce4a9ab685e6b8e7f6a250",
    "https://deno.land/std@0.220.0/assert/assert_not_instance_of.ts": "8f720d92d83775c40b2542a8d76c60c2d4aeddaf8713c8d11df8984af2604931",
    "https://deno.land/std@0.220.0/assert/assert_not_match.ts": "b4b7c77f146963e2b673c1ce4846473703409eb93f5ab0eb60f6e6f8aeffe39f",
    "https://deno.land/std@0.220.0/assert/assert_not_strict_equals.ts": "da0b8ab60a45d5a9371088378e5313f624799470c3b54c76e8b8abeec40a77be",
    "https://deno.land/std@0.220.0/assert/assert_object_match.ts": "e85e5eef62a56ce364c3afdd27978ccab979288a3e772e6855c270a7b118fa49",
    "https://deno.land/std@0.220.0/assert/assert_rejects.ts": "5206ac37d883797d9504e3915a0c7b692df6efcdefff3889cc14bb5a325641dd",
    "https://deno.land/std@0.220.0/assert/assert_strict_equals.ts": "0425a98f70badccb151644c902384c12771a93e65f8ff610244b8147b03a2366",
    "https://deno.land/std@0.220.0/assert/assert_string_includes.ts": "dfb072a890167146f8e5bdd6fde887ce4657098e9f71f12716ef37f35fb6f4a7",
    "https://deno.land/std@0.220.0/assert/assert_throws.ts": "31f3c061338aec2c2c33731973d58ccd4f14e42f355501541409ee958d2eb8e5",
    "https://deno.land/std@0.220.0/assert/assertion_error.ts": "9f689a101ee586c4ce92f52fa7ddd362e86434ffdf1f848e45987dc7689976b8",
    "https://deno.land/std@0.220.0/assert/equal.ts": "fae5e8a52a11d3ac694bbe1a53e13a7969e3f60791262312e91a3e741ae519e2",
    "https://deno.land/std@0.220.0/assert/fail.ts": "f310e51992bac8e54f5fd8e44d098638434b2edb802383690e0d7a9be1979f1c",
    "https://deno.land/std@0.220.0/assert/mod.ts": "7e41449e77a31fef91534379716971bebcfc12686e143d38ada5438e04d4a90e",
    "https://deno.land/std@0.220.0/assert/unimplemented.ts": "47ca67d1c6dc53abd0bd729b71a31e0825fc452dbcd4fde4ca06789d5644e7fd",
    "https://deno.land/std@0.220.0/assert/unreachable.ts": "3670816a4ab3214349acb6730e3e6f5299021234657eefe05b48092f3848c270",
    "https://deno.land/std@0.220.0/fmt/colors.ts": "d239d84620b921ea520125d778947881f62c50e78deef2657073840b8af9559a",
    "https://deno.land/std@0.220.0/testing/mock.ts": "a963181c2860b6ba3eb60e08b62c164d33cf5da7cd445893499b2efda20074db",
    "https://raw.githubusercontent.com/jaypatrick/adblock-compiler/master/src/compiler/FilterCompiler.ts": "d38727e05b86a4c079c0ce98ba73036549de3defbc474f90a4231a4a2d4344e8",
    "https://raw.githubusercontent.com/jaypatrick/adblock-compiler/master/src/compiler/SourceCompiler.ts": "e0cd7b54f36d84d07e3c2ed2ed6c3b728e166f9812e2bbc9e88d642ad8932c98",
    "https://raw.githubusercontent.com/jaypatrick/adblock-compiler/master/src/compiler/index.ts": "4bd16d8951da8b9c768e6eae3ab3f75934901c9ad6ce1f58933b0bda50cefb65",
    "https://raw.githubusercontent.com/jaypatrick/adblock-compiler/master/src/configuration/ConfigurationValidator.ts": "b50435545d9294aed4935107490b5a080ea9cfaa33d8d8c04127823a2b87e0dc",
    "https://raw.githubusercontent.com/jaypatrick/adblock-compiler/master/src/configuration/index.ts": "b800788790c114b5b269d8c8f9b1a9cf59b2fb5acdb1225543a5ff2b20fc1112",
    "https://raw.githubusercontent.com/jaypatrick/adblock-compiler/master/src/downloader/FilterDownloader.ts": "fef190e8e9bbbf3f4d63bb4b30c4c7703aa1cacfa971e747c6be3b75db942644",
    "https://raw.githubusercontent.com/jaypatrick/adblock-compiler/master/src/downloader/index.ts": "fdeac654e2414fe0984c194207a1635b0ce59c8cbb3429b8d8cbcb773824a030",
    "https://raw.githubusercontent.com/jaypatrick/adblock-compiler/master/src/index.ts": "eabc1d42f7e3f16d5e174b742cf5931e103753a86b55771a52aad072360fa265",
    "https://raw.githubusercontent.com/jaypatrick/adblock-compiler/master/src/platform/CompositeFetcher.ts": "ec64fa5af2aadb361fd8cab0e1ad29c46222535e58f165a010f495c3b507ac74",
    "https://raw.githubusercontent.com/jaypatrick/adblock-compiler/master/src/platform/HttpFetcher.ts": "69d053ab46b617acae0ba4edad249e04ab29005fb82a1746144b1aa5bbb10d0e",
    "https://raw.githubusercontent.com/jaypatrick/adblock-compiler/master/src/platform/PlatformDownloader.ts": "b6395dd21477e9965c81511ee1cd2031aaa2e0da4f1f13c26691d5c3b3459bde",
    "https://raw.githubusercontent.com/jaypatrick/adblock-compiler/master/src/platform/PreFetchedContentFetcher.ts": "5dafb34f7c05dcafeb3059561dd35b575b34901af297170cecafd64ee7f4db58",
    "https://raw.githubusercontent.com/jaypatrick/adblock-compiler/master/src/platform/WorkerCompiler.ts": "f638cab17de7298faa1d9efa35cff374591afb0a3228f29567d351a4b325d9bc",
    "https://raw.githubusercontent.com/jaypatrick/adblock-compiler/master/src/platform/index.ts": "b8830a9ef5d919327c97813ce9f28febae7c143ee30f5b1eaf07ef244f30b74e",
    "https://raw.githubusercontent.com/jaypatrick/adblock-compiler/master/src/platform/types.ts": "bf23f69017ed50c2cb400955e475b03c1860ca525d5d8a0153d048e6d5286942",
    "https://raw.githubusercontent.com/jaypatrick/adblock-compiler/master/src/services/FilterService.ts": "1cc73b468a00effe3a84727cf4952885ac40d45d7a3733310a5f8f28b9743562",
    "https://raw.githubusercontent.com/jaypatrick/adblock-compiler/master/src/services/index.ts": "9a811f8586ce83805d2e1c2c84da015b3ae61e4bd3de41beac118df8a8a6e1a4",
    "https://raw.githubusercontent.com/jaypatrick/adblock-compiler/master/src/transformations/CompressTransformation.ts": "b123ab78ee8e2e41af9d2faa95e2e9d99621e00a3d8661431ddc1995aa1a717f",
    "https://raw.githubusercontent.com/jaypatrick/adblock-compiler/master/src/transformations/ConvertToAsciiTransformation.ts": "ead5c8463151653c96d56779276785c6c591f6ce4e31efcacf5b0d71c9042fe6",
    "https://raw.githubusercontent.com/jaypatrick/adblock-compiler/master/src/transformations/DeduplicateTransformation.ts": "37acb3adb8c10d6b2e31417499a4df3f230f792a048100ffba07377ad32322fd",
    "https://raw.githubusercontent.com/jaypatrick/adblock-compiler/master/src/transformations/ExcludeTransformation.ts": "023916b5ab93eabf9a3aa4625b833415965f9646476a9159104c9716bb6eda16",
    "https://raw.githubusercontent.com/jaypatrick/adblock-compiler/master/src/transformations/IncludeTransformation.ts": "478cded94f8eedc3cbfcf17945ec2face38dcb0eaec9dd4976152f497a1762cf",
    "https://raw.githubusercontent.com/jaypatrick/adblock-compiler/master/src/transformations/InsertFinalNewLineTransformation.ts": "a5809347e84f69104ac2987416f1b066178cdd22c93f5e0b0d8fb0d8c8432d7a",
    "https://raw.githubusercontent.com/jaypatrick/adblock-compiler/master/src/transformations/InvertAllowTransformation.ts": "0302194b24e347be85e3dd6df0c589e42d69f67a5188d4f7e44b55fd10884658",
    "https://raw.githubusercontent.com/jaypatrick/adblock-compiler/master/src/transformations/RemoveCommentsTransformation.ts": "3b5c160119d285d8b348e3dad358af71a3c7e025481b1ab5af561304840a6c03",
    "https://raw.githubusercontent.com/jaypatrick/adblock-compiler/master/src/transformations/RemoveEmptyLinesTransformation.ts": "4305c828e904c241ff4fb4359b3df30a339a7f9fc93006fe08f6b0382a6d908e",
    "https://raw.githubusercontent.com/jaypatrick/adblock-compiler/master/src/transformations/RemoveModifiersTransformation.ts": "9dbaeff1ff1cbb97224b332bd0c0d37291cc5193c842bb46a7593d970833b4bf",
    "https://raw.githubusercontent.com/jaypatrick/adblock-compiler/master/src/transformations/TransformationRegistry.ts": "d47e990e78303916412af81a6a2872111500ba306001179eac0a2e5fb9ebd5ec",
    "https://raw.githubusercontent.com/jaypatrick/adblock-compiler/master/src/transformations/TrimLinesTransformation.ts": "04ff6ef104a70e09927fc38ffc4d6fc0b26a065d7e5db9588da2178d8d4943d0",
    "https://raw.githubusercontent.com/jaypatrick/adblock-compiler/master/src/transformations/ValidateTransformation.ts": "8268a51d0d8e318f798be608d20e0635d445c8507d322e5cccaee17c7cee3548",
    "https://raw.githubusercontent.com/jaypatrick/adblock-compiler/master/src/transformations/base/Transformation.ts": "a98f75e34b6bbc0815801b12fd4134edd7f80b943431b762450a5a5648340873",
    "https://raw.githubusercontent.com/jaypatrick/adblock-compiler/master/src/transformations/index.ts": "38b18da684e4432340bcdde304777e730a7df5d0d78384e64281836943f8d363",
    "https://raw.githubusercontent.com/jaypatrick/adblock-compiler/master/src/types/index.ts": "01c883ba4174d05d314cfb7d6b457a18cea0c38a6410d2e18ba6430da49a076a",
    "https://raw.githubusercontent.com/jaypatrick/adblock-compiler/master/src/utils/Benchmark.ts": "93baf1fbcfc00a9dee1b676689a3d69a6cf2508ceb392adb981eaebb141b87a2",
    "https://raw.githubusercontent.com/jaypatrick/adblock-compiler/master/src/utils/EventEmitter.ts": "5a125a14ad145a389baa36e300d5d76c6fbc8f0059c9f52c1fcfc425fe7551f6",
    "https://raw.githubusercontent.com/jaypatrick/adblock-compiler/master/src/utils/RuleUtils.ts": "81652ed87ddb21814b80d5e9e7e13e5911fe5a5ffca53b15472709bff301b021",
    "https://raw.githubusercontent.com/jaypatrick/adblock-compiler/master/src/utils/StringUtils.ts": "1aeb22917b159e0556aa0e6aab95fda6a3b65f64463bbaa759258a693ef1c0f5",
    "https://raw.githubusercontent.com/jaypatrick/adblock-compiler/master/src/utils/TldUtils.ts": "2a0b6e5872c7ee3c072c501e8dfd285bf32543b2b168359cc3b1868148d077a1",
    "https://raw.githubusercontent.com/jaypatrick/adblock-compiler/master/src/utils/Wildcard.ts": "9d683948d9b70cde98f2c5fd6a464987ba582c03df1670ecdf9e5a7682e02243",
    "https://raw.githubusercontent.com/jaypatrick/adblock-compiler/master/src/utils/index.ts": "5d2e9081ec52cad8237bbf11dff4374a8411c1a9e982546f3fa9db6a0644a092",
    "https://raw.githubusercontent.com/jaypatrick/adblock-compiler/master/src/utils/logger.ts": "b0f8f41a78d4781aa2be3b0e0657a294a45935b0011358ecb13dbd2f45ed854d"
  },
  "workspace": {
    "dependencies": [
      "jsr:@std/assert@^1.0.16",
      "jsr:@std/testing@^1.0.16",
      "npm:@iarna/toml@^2.2.5",
      "npm:@inquirer/prompts@^8.1.0",
      "npm:chalk@^5.6.2",
      "npm:cli-table3@~0.6.5",
      "npm:figlet@^1.9.4",
      "npm:ora@9",
      "npm:yaml@^2.8.2"
    ]
  }
}
